
Microsoft Visual Studio Solution File, Format Version 12.00
# Visual Studio Version 17
VisualStudioVersion = 17.7.34031.279
MinimumVisualStudioVersion = 10.0.40219.1
Project("{FAE04EC0-301F-11D3-BF4B-00C04F79EFBC}") = "ExerciciosSelecao", "ExerciciosSelecao.csproj", "{ECEFEF60-6B32-42C8-A1E0-9CEEF7DDCF51}"
EndProject
Global
	GlobalSection(SolutionConfigurationPlatforms) = preSolution
		Debug|Any CPU = Debug|Any CPU
		Release|Any CPU = Release|Any CPU
	EndGlobalSection
	GlobalSection(ProjectConfigurationPlatforms) = postSolution
		{ECEFEF60-6B32-42C8-A1E0-9CEEF7DDCF51}.Debug|Any CPU.ActiveCfg = Debug|Any CPU
		{ECEFEF60-6B32-42C8-A1E0-9CEEF7DDCF51}.Debug|Any CPU.Build.0 = Debug|Any CPU
		{ECEFEF60-6B32-42C8-A1E0-9CEEF7DDCF51}.Release|Any CPU.ActiveCfg = Release|Any CPU
		{ECEFEF60-6B32-42C8-A1E0-9CEEF7DDCF51}.Release|Any CPU.Build.0 = Release|Any CPU
	EndGlobalSection
	GlobalSection(SolutionProperties) = preSolution
		HideSolutionNode = FALSE
	EndGlobalSection
	GlobalSection(ExtensibilityGlobals) = postSolution
		SolutionGuid = {2BF5FE44-81D0-4645-93C5-D58B80BFC308}
	EndGlobalSection
EndGlobal
