
Microsoft Visual Studio Solution File, Format Version 12.00
# Visual Studio Version 17
VisualStudioVersion = 17.7.34031.279
MinimumVisualStudioVersion = 10.0.40219.1
Project("{FAE04EC0-301F-11D3-BF4B-00C04F79EFBC}") = "OperadorTernario", "OperadorTernario.csproj", "{A6FB5C50-570A-4666-ACF2-0F1425D06977}"
EndProject
Global
	GlobalSection(SolutionConfigurationPlatforms) = preSolution
		Debug|Any CPU = Debug|Any CPU
		Release|Any CPU = Release|Any CPU
	EndGlobalSection
	GlobalSection(ProjectConfigurationPlatforms) = postSolution
		{A6FB5C50-570A-4666-ACF2-0F1425D06977}.Debug|Any CPU.ActiveCfg = Debug|Any CPU
		{A6FB5C50-570A-4666-ACF2-0F1425D06977}.Debug|Any CPU.Build.0 = Debug|Any CPU
		{A6FB5C50-570A-4666-ACF2-0F1425D06977}.Release|Any CPU.ActiveCfg = Release|Any CPU
		{A6FB5C50-570A-4666-ACF2-0F1425D06977}.Release|Any CPU.Build.0 = Release|Any CPU
	EndGlobalSection
	GlobalSection(SolutionProperties) = preSolution
		HideSolutionNode = FALSE
	EndGlobalSection
	GlobalSection(ExtensibilityGlobals) = postSolution
		SolutionGuid = {18F4D29E-63FE-4ABE-A268-34B7547A3330}
	EndGlobalSection
EndGlobal
