
Microsoft Visual Studio Solution File, Format Version 12.00
# Visual Studio Version 17
VisualStudioVersion = 17.8.34330.188
MinimumVisualStudioVersion = 10.0.40219.1
Project("{FAE04EC0-301F-11D3-BF4B-00C04F79EFBC}") = "GeradorDeEmail.Android", "GeradorDeEmail.Android\GeradorDeEmail.Android.csproj", "{8553F7ED-EBCC-472F-8623-0C1876EE6DF4}"
EndProject
Project("{FAE04EC0-301F-11D3-BF4B-00C04F79EFBC}") = "GeradorDeEmail.iOS", "GeradorDeEmail.iOS\GeradorDeEmail.iOS.csproj", "{999B1742-1D21-4640-B932-3DE1AD704FE9}"
EndProject
Project("{FAE04EC0-301F-11D3-BF4B-00C04F79EFBC}") = "GeradorDeEmail", "GeradorDeEmail\GeradorDeEmail.csproj", "{8025CB14-103C-4148-BA23-3731235CE3AF}"
EndProject
Global
	GlobalSection(SolutionConfigurationPlatforms) = preSolution
		Debug|Any CPU = Debug|Any CPU
		Debug|iPhone = Debug|iPhone
		Debug|iPhoneSimulator = Debug|iPhoneSimulator
		Release|Any CPU = Release|Any CPU
		Release|iPhone = Release|iPhone
		Release|iPhoneSimulator = Release|iPhoneSimulator
	EndGlobalSection
	GlobalSection(ProjectConfigurationPlatforms) = postSolution
		{8553F7ED-EBCC-472F-8623-0C1876EE6DF4}.Debug|Any CPU.ActiveCfg = Debug|Any CPU
		{8553F7ED-EBCC-472F-8623-0C1876EE6DF4}.Debug|Any CPU.Build.0 = Debug|Any CPU
		{8553F7ED-EBCC-472F-8623-0C1876EE6DF4}.Debug|Any CPU.Deploy.0 = Debug|Any CPU
		{8553F7ED-EBCC-472F-8623-0C1876EE6DF4}.Debug|iPhone.ActiveCfg = Debug|Any CPU
		{8553F7ED-EBCC-472F-8623-0C1876EE6DF4}.Debug|iPhone.Build.0 = Debug|Any CPU
		{8553F7ED-EBCC-472F-8623-0C1876EE6DF4}.Debug|iPhone.Deploy.0 = Debug|Any CPU
		{8553F7ED-EBCC-472F-8623-0C1876EE6DF4}.Debug|iPhoneSimulator.ActiveCfg = Debug|Any CPU
		{8553F7ED-EBCC-472F-8623-0C1876EE6DF4}.Debug|iPhoneSimulator.Build.0 = Debug|Any CPU
		{8553F7ED-EBCC-472F-8623-0C1876EE6DF4}.Debug|iPhoneSimulator.Deploy.0 = Debug|Any CPU
		{8553F7ED-EBCC-472F-8623-0C1876EE6DF4}.Release|Any CPU.ActiveCfg = Release|Any CPU
		{8553F7ED-EBCC-472F-8623-0C1876EE6DF4}.Release|Any CPU.Build.0 = Release|Any CPU
		{8553F7ED-EBCC-472F-8623-0C1876EE6DF4}.Release|Any CPU.Deploy.0 = Release|Any CPU
		{8553F7ED-EBCC-472F-8623-0C1876EE6DF4}.Release|iPhone.ActiveCfg = Release|Any CPU
		{8553F7ED-EBCC-472F-8623-0C1876EE6DF4}.Release|iPhone.Build.0 = Release|Any CPU
		{8553F7ED-EBCC-472F-8623-0C1876EE6DF4}.Release|iPhone.Deploy.0 = Release|Any CPU
		{8553F7ED-EBCC-472F-8623-0C1876EE6DF4}.Release|iPhoneSimulator.ActiveCfg = Release|Any CPU
		{8553F7ED-EBCC-472F-8623-0C1876EE6DF4}.Release|iPhoneSimulator.Build.0 = Release|Any CPU
		{8553F7ED-EBCC-472F-8623-0C1876EE6DF4}.Release|iPhoneSimulator.Deploy.0 = Release|Any CPU
		{999B1742-1D21-4640-B932-3DE1AD704FE9}.Debug|Any CPU.ActiveCfg = Debug|iPhone
		{999B1742-1D21-4640-B932-3DE1AD704FE9}.Debug|Any CPU.Build.0 = Debug|iPhone
		{999B1742-1D21-4640-B932-3DE1AD704FE9}.Debug|Any CPU.Deploy.0 = Debug|iPhone
		{999B1742-1D21-4640-B932-3DE1AD704FE9}.Debug|iPhone.ActiveCfg = Debug|iPhone
		{999B1742-1D21-4640-B932-3DE1AD704FE9}.Debug|iPhone.Build.0 = Debug|iPhone
		{999B1742-1D21-4640-B932-3DE1AD704FE9}.Debug|iPhone.Deploy.0 = Debug|iPhone
		{999B1742-1D21-4640-B932-3DE1AD704FE9}.Debug|iPhoneSimulator.ActiveCfg = Debug|iPhoneSimulator
		{999B1742-1D21-4640-B932-3DE1AD704FE9}.Debug|iPhoneSimulator.Build.0 = Debug|iPhoneSimulator
		{999B1742-1D21-4640-B932-3DE1AD704FE9}.Debug|iPhoneSimulator.Deploy.0 = Debug|iPhoneSimulator
		{999B1742-1D21-4640-B932-3DE1AD704FE9}.Release|Any CPU.ActiveCfg = Release|iPhoneSimulator
		{999B1742-1D21-4640-B932-3DE1AD704FE9}.Release|Any CPU.Build.0 = Release|iPhoneSimulator
		{999B1742-1D21-4640-B932-3DE1AD704FE9}.Release|Any CPU.Deploy.0 = Release|iPhoneSimulator
		{999B1742-1D21-4640-B932-3DE1AD704FE9}.Release|iPhone.ActiveCfg = Release|iPhone
		{999B1742-1D21-4640-B932-3DE1AD704FE9}.Release|iPhone.Build.0 = Release|iPhone
		{999B1742-1D21-4640-B932-3DE1AD704FE9}.Release|iPhone.Deploy.0 = Release|iPhone
		{999B1742-1D21-4640-B932-3DE1AD704FE9}.Release|iPhoneSimulator.ActiveCfg = Release|iPhoneSimulator
		{999B1742-1D21-4640-B932-3DE1AD704FE9}.Release|iPhoneSimulator.Build.0 = Release|iPhoneSimulator
		{999B1742-1D21-4640-B932-3DE1AD704FE9}.Release|iPhoneSimulator.Deploy.0 = Release|iPhoneSimulator
		{8025CB14-103C-4148-BA23-3731235CE3AF}.Debug|Any CPU.ActiveCfg = Debug|Any CPU
		{8025CB14-103C-4148-BA23-3731235CE3AF}.Debug|Any CPU.Build.0 = Debug|Any CPU
		{8025CB14-103C-4148-BA23-3731235CE3AF}.Debug|Any CPU.Deploy.0 = Debug|Any CPU
		{8025CB14-103C-4148-BA23-3731235CE3AF}.Debug|iPhone.ActiveCfg = Debug|Any CPU
		{8025CB14-103C-4148-BA23-3731235CE3AF}.Debug|iPhone.Build.0 = Debug|Any CPU
		{8025CB14-103C-4148-BA23-3731235CE3AF}.Debug|iPhone.Deploy.0 = Debug|Any CPU
		{8025CB14-103C-4148-BA23-3731235CE3AF}.Debug|iPhoneSimulator.ActiveCfg = Debug|Any CPU
		{8025CB14-103C-4148-BA23-3731235CE3AF}.Debug|iPhoneSimulator.Build.0 = Debug|Any CPU
		{8025CB14-103C-4148-BA23-3731235CE3AF}.Debug|iPhoneSimulator.Deploy.0 = Debug|Any CPU
		{8025CB14-103C-4148-BA23-3731235CE3AF}.Release|Any CPU.ActiveCfg = Release|Any CPU
		{8025CB14-103C-4148-BA23-3731235CE3AF}.Release|Any CPU.Build.0 = Release|Any CPU
		{8025CB14-103C-4148-BA23-3731235CE3AF}.Release|Any CPU.Deploy.0 = Release|Any CPU
		{8025CB14-103C-4148-BA23-3731235CE3AF}.Release|iPhone.ActiveCfg = Release|Any CPU
		{8025CB14-103C-4148-BA23-3731235CE3AF}.Release|iPhone.Build.0 = Release|Any CPU
		{8025CB14-103C-4148-BA23-3731235CE3AF}.Release|iPhone.Deploy.0 = Release|Any CPU
		{8025CB14-103C-4148-BA23-3731235CE3AF}.Release|iPhoneSimulator.ActiveCfg = Release|Any CPU
		{8025CB14-103C-4148-BA23-3731235CE3AF}.Release|iPhoneSimulator.Build.0 = Release|Any CPU
		{8025CB14-103C-4148-BA23-3731235CE3AF}.Release|iPhoneSimulator.Deploy.0 = Release|Any CPU
	EndGlobalSection
	GlobalSection(SolutionProperties) = preSolution
		HideSolutionNode = FALSE
	EndGlobalSection
	GlobalSection(ExtensibilityGlobals) = postSolution
		SolutionGuid = {BF328275-C672-444D-89B2-C590F81F96C2}
	EndGlobalSection
EndGlobal
