
Microsoft Visual Studio Solution File, Format Version 12.00
# Visual Studio Version 17
VisualStudioVersion = 17.7.34031.279
MinimumVisualStudioVersion = 10.0.40219.1
Project("{FAE04EC0-301F-11D3-BF4B-00C04F79EFBC}") = "ExerciciosRepeticao", "ExerciciosRepeticao.csproj", "{C3E6A4FE-D269-46A9-A1CC-076B2F3BF3CC}"
EndProject
Global
	GlobalSection(SolutionConfigurationPlatforms) = preSolution
		Debug|Any CPU = Debug|Any CPU
		Release|Any CPU = Release|Any CPU
	EndGlobalSection
	GlobalSection(ProjectConfigurationPlatforms) = postSolution
		{C3E6A4FE-D269-46A9-A1CC-076B2F3BF3CC}.Debug|Any CPU.ActiveCfg = Debug|Any CPU
		{C3E6A4FE-D269-46A9-A1CC-076B2F3BF3CC}.Debug|Any CPU.Build.0 = Debug|Any CPU
		{C3E6A4FE-D269-46A9-A1CC-076B2F3BF3CC}.Release|Any CPU.ActiveCfg = Release|Any CPU
		{C3E6A4FE-D269-46A9-A1CC-076B2F3BF3CC}.Release|Any CPU.Build.0 = Release|Any CPU
	EndGlobalSection
	GlobalSection(SolutionProperties) = preSolution
		HideSolutionNode = FALSE
	EndGlobalSection
	GlobalSection(ExtensibilityGlobals) = postSolution
		SolutionGuid = {08A0AC87-12DC-4314-BAF9-0767BFA4CA1F}
	EndGlobalSection
EndGlobal
