
Microsoft Visual Studio Solution File, Format Version 12.00
# Visual Studio Version 17
VisualStudioVersion = 17.7.34031.279
MinimumVisualStudioVersion = 10.0.40219.1
Project("{FAE04EC0-301F-11D3-BF4B-00C04F79EFBC}") = "Exercicio1e2", "Exercicio1e2.csproj", "{EBE95CAD-7644-4876-954A-204CD0AD9207}"
EndProject
Project("{FAE04EC0-301F-11D3-BF4B-00C04F79EFBC}") = "Exercicio3", "..\Exercicio3\Exercicio3.csproj", "{A8C68ED8-5367-4E34-B00D-2E2CE704457A}"
EndProject
Project("{FAE04EC0-301F-11D3-BF4B-00C04F79EFBC}") = "Exercicio4", "..\Exercicio4\Exercicio4.csproj", "{6319D685-1CDC-48CB-9D8F-0253FBD1AC89}"
EndProject
Global
	GlobalSection(SolutionConfigurationPlatforms) = preSolution
		Debug|Any CPU = Debug|Any CPU
		Release|Any CPU = Release|Any CPU
	EndGlobalSection
	GlobalSection(ProjectConfigurationPlatforms) = postSolution
		{EBE95CAD-7644-4876-954A-204CD0AD9207}.Debug|Any CPU.ActiveCfg = Debug|Any CPU
		{EBE95CAD-7644-4876-954A-204CD0AD9207}.Debug|Any CPU.Build.0 = Debug|Any CPU
		{EBE95CAD-7644-4876-954A-204CD0AD9207}.Release|Any CPU.ActiveCfg = Release|Any CPU
		{EBE95CAD-7644-4876-954A-204CD0AD9207}.Release|Any CPU.Build.0 = Release|Any CPU
		{A8C68ED8-5367-4E34-B00D-2E2CE704457A}.Debug|Any CPU.ActiveCfg = Debug|Any CPU
		{A8C68ED8-5367-4E34-B00D-2E2CE704457A}.Debug|Any CPU.Build.0 = Debug|Any CPU
		{A8C68ED8-5367-4E34-B00D-2E2CE704457A}.Release|Any CPU.ActiveCfg = Release|Any CPU
		{A8C68ED8-5367-4E34-B00D-2E2CE704457A}.Release|Any CPU.Build.0 = Release|Any CPU
		{6319D685-1CDC-48CB-9D8F-0253FBD1AC89}.Debug|Any CPU.ActiveCfg = Debug|Any CPU
		{6319D685-1CDC-48CB-9D8F-0253FBD1AC89}.Debug|Any CPU.Build.0 = Debug|Any CPU
		{6319D685-1CDC-48CB-9D8F-0253FBD1AC89}.Release|Any CPU.ActiveCfg = Release|Any CPU
		{6319D685-1CDC-48CB-9D8F-0253FBD1AC89}.Release|Any CPU.Build.0 = Release|Any CPU
	EndGlobalSection
	GlobalSection(SolutionProperties) = preSolution
		HideSolutionNode = FALSE
	EndGlobalSection
	GlobalSection(ExtensibilityGlobals) = postSolution
		SolutionGuid = {46E5794D-42D3-45C1-A2EB-90E79AE7BD6B}
	EndGlobalSection
EndGlobal
