
Microsoft Visual Studio Solution File, Format Version 12.00
# Visual Studio Version 17
VisualStudioVersion = 17.7.34031.279
MinimumVisualStudioVersion = 10.0.40219.1
Project("{FAE04EC0-301F-11D3-BF4B-00C04F79EFBC}") = "Exercicio5", "Exercicio5.csproj", "{C0626E47-36C7-4040-A882-2C286667C91E}"
EndProject
Global
	GlobalSection(SolutionConfigurationPlatforms) = preSolution
		Debug|Any CPU = Debug|Any CPU
		Release|Any CPU = Release|Any CPU
	EndGlobalSection
	GlobalSection(ProjectConfigurationPlatforms) = postSolution
		{C0626E47-36C7-4040-A882-2C286667C91E}.Debug|Any CPU.ActiveCfg = Debug|Any CPU
		{C0626E47-36C7-4040-A882-2C286667C91E}.Debug|Any CPU.Build.0 = Debug|Any CPU
		{C0626E47-36C7-4040-A882-2C286667C91E}.Release|Any CPU.ActiveCfg = Release|Any CPU
		{C0626E47-36C7-4040-A882-2C286667C91E}.Release|Any CPU.Build.0 = Release|Any CPU
	EndGlobalSection
	GlobalSection(SolutionProperties) = preSolution
		HideSolutionNode = FALSE
	EndGlobalSection
	GlobalSection(ExtensibilityGlobals) = postSolution
		SolutionGuid = {D41767EF-0FFF-4C5E-AB32-767136CA323A}
	EndGlobalSection
EndGlobal
