
Microsoft Visual Studio Solution File, Format Version 12.00
# Visual Studio Version 17
VisualStudioVersion = 17.7.34031.279
MinimumVisualStudioVersion = 10.0.40219.1
Project("{FAE04EC0-301F-11D3-BF4B-00C04F79EFBC}") = "Exercicio6", "Exercicio6.csproj", "{B7BA5EA4-6DC7-4D6A-BC04-C0287DB64925}"
EndProject
Global
	GlobalSection(SolutionConfigurationPlatforms) = preSolution
		Debug|Any CPU = Debug|Any CPU
		Release|Any CPU = Release|Any CPU
	EndGlobalSection
	GlobalSection(ProjectConfigurationPlatforms) = postSolution
		{B7BA5EA4-6DC7-4D6A-BC04-C0287DB64925}.Debug|Any CPU.ActiveCfg = Debug|Any CPU
		{B7BA5EA4-6DC7-4D6A-BC04-C0287DB64925}.Debug|Any CPU.Build.0 = Debug|Any CPU
		{B7BA5EA4-6DC7-4D6A-BC04-C0287DB64925}.Release|Any CPU.ActiveCfg = Release|Any CPU
		{B7BA5EA4-6DC7-4D6A-BC04-C0287DB64925}.Release|Any CPU.Build.0 = Release|Any CPU
	EndGlobalSection
	GlobalSection(SolutionProperties) = preSolution
		HideSolutionNode = FALSE
	EndGlobalSection
	GlobalSection(ExtensibilityGlobals) = postSolution
		SolutionGuid = {D8A1CEA7-FD37-4ED3-91A9-AC5C27AE9A93}
	EndGlobalSection
EndGlobal
